
Microsoft Visual Studio Solution File, Format Version 12.00
# Visual Studio Version 17
VisualStudioVersion = 17.13.35931.197
MinimumVisualStudioVersion = 10.0.40219.1
Project("{9A19103F-16F7-4668-BE54-9A1E7A4F7556}") = "IdentityServerAdmin", "IdentityServerAdmin\IdentityServerAdmin.csproj", "{AFE87D3F-7E59-4108-9184-96140C73A127}"
EndProject
Project("{2150E333-8FDC-42A3-9474-1A3956D46DE8}") = "Solution Items", "Solution Items", "{EDBFD458-81F4-44FD-9301-0BB2C9F61F69}"
	ProjectSection(SolutionItems) = preProject
		.editorconfig = .editorconfig
		.gitattributes = .gitattributes
		.gitignore = .gitignore
		.github\workflows\ci.yml = .github\workflows\ci.yml
	EndProjectSection
EndProject
Project("{9A19103F-16F7-4668-BE54-9A1E7A4F7556}") = "IdentityServer", "IdentityServerApi\IdentityServer.csproj", "{5DFA4690-6B60-4270-9114-4777F708076C}"
EndProject
Project("{2150E333-8FDC-42A3-9474-1A3956D46DE8}") = ".github", ".github", "{02EA681E-C7D8-13C7-8484-4AC65E1B71E8}"
	ProjectSection(SolutionItems) = preProject
		.github\dependabot.yml = .github\dependabot.yml
	EndProjectSection
EndProject
Project("{2150E333-8FDC-42A3-9474-1A3956D46DE8}") = "workflows", "workflows", "{4687758D-4E8C-4EC9-9508-3AD1B2912957}"
	ProjectSection(SolutionItems) = preProject
		.github\workflows\ci.yml = .github\workflows\ci.yml
	EndProjectSection
EndProject
Global
	GlobalSection(SolutionConfigurationPlatforms) = preSolution
		Debug|Any CPU = Debug|Any CPU
		Release|Any CPU = Release|Any CPU
	EndGlobalSection
	GlobalSection(ProjectConfigurationPlatforms) = postSolution
		{AFE87D3F-7E59-4108-9184-96140C73A127}.Debug|Any CPU.ActiveCfg = Debug|Any CPU
		{AFE87D3F-7E59-4108-9184-96140C73A127}.Debug|Any CPU.Build.0 = Debug|Any CPU
		{AFE87D3F-7E59-4108-9184-96140C73A127}.Release|Any CPU.ActiveCfg = Release|Any CPU
		{AFE87D3F-7E59-4108-9184-96140C73A127}.Release|Any CPU.Build.0 = Release|Any CPU
		{5DFA4690-6B60-4270-9114-4777F708076C}.Debug|Any CPU.ActiveCfg = Debug|Any CPU
		{5DFA4690-6B60-4270-9114-4777F708076C}.Debug|Any CPU.Build.0 = Debug|Any CPU
		{5DFA4690-6B60-4270-9114-4777F708076C}.Release|Any CPU.ActiveCfg = Release|Any CPU
		{5DFA4690-6B60-4270-9114-4777F708076C}.Release|Any CPU.Build.0 = Release|Any CPU
	EndGlobalSection
	GlobalSection(SolutionProperties) = preSolution
		HideSolutionNode = FALSE
	EndGlobalSection
	GlobalSection(NestedProjects) = preSolution
		{02EA681E-C7D8-13C7-8484-4AC65E1B71E8} = {EDBFD458-81F4-44FD-9301-0BB2C9F61F69}
		{4687758D-4E8C-4EC9-9508-3AD1B2912957} = {02EA681E-C7D8-13C7-8484-4AC65E1B71E8}
	EndGlobalSection
	GlobalSection(ExtensibilityGlobals) = postSolution
		SolutionGuid = {AA1CDD6A-FE99-4BB6-8CDE-AC327628949B}
	EndGlobalSection
EndGlobal
